// !$*UTF8*$!
{
	archiveVersion = 1;
	classes = {
	};
	objectVersion = 46;
	objects = {

/* Begin PBXBuildFile section */
		276E01B51919F40C001C961D /* Images.xcassets in Resources */ = {isa = PBXBuildFile; fileRef = 276E01B41919F40C001C961D /* Images.xcassets */; };
		27707DAE19D137730055B9A5 /* Launch Screen.xib in Resources */ = {isa = PBXBuildFile; fileRef = 27707DAD19D137730055B9A5 /* Launch Screen.xib */; };
		277477C4189A1ED800146FB4 /* Foundation.framework in Frameworks */ = {isa = PBXBuildFile; fileRef = 277477C3189A1ED800146FB4 /* Foundation.framework */; };
		277477C6189A1ED800146FB4 /* CoreGraphics.framework in Frameworks */ = {isa = PBXBuildFile; fileRef = 277477C5189A1ED800146FB4 /* CoreGraphics.framework */; };
		277477C8189A1ED800146FB4 /* UIKit.framework in Frameworks */ = {isa = PBXBuildFile; fileRef = 277477C7189A1ED800146FB4 /* UIKit.framework */; };
		277477CA189A1ED800146FB4 /* CoreData.framework in Frameworks */ = {isa = PBXBuildFile; fileRef = 277477C9189A1ED800146FB4 /* CoreData.framework */; };
		277477D0189A1ED800146FB4 /* InfoPlist.strings in Resources */ = {isa = PBXBuildFile; fileRef = 277477CE189A1ED800146FB4 /* InfoPlist.strings */; };
		277477D2189A1ED800146FB4 /* main.m in Sources */ = {isa = PBXBuildFile; fileRef = 277477D1189A1ED800146FB4 /* main.m */; };
		277477D6189A1ED800146FB4 /* AppDelegate.m in Sources */ = {isa = PBXBuildFile; fileRef = 277477D5189A1ED800146FB4 /* AppDelegate.m */; };
		277477D9189A1ED800146FB4 /* Random_User_Generator.xcdatamodeld in Sources */ = {isa = PBXBuildFile; fileRef = 277477D7189A1ED800146FB4 /* Random_User_Generator.xcdatamodeld */; };
		277477E2189A1ED800146FB4 /* XCTest.framework in Frameworks */ = {isa = PBXBuildFile; fileRef = 277477E1189A1ED800146FB4 /* XCTest.framework */; };
		277477E3189A1ED800146FB4 /* Foundation.framework in Frameworks */ = {isa = PBXBuildFile; fileRef = 277477C3189A1ED800146FB4 /* Foundation.framework */; };
		277477E4189A1ED800146FB4 /* UIKit.framework in Frameworks */ = {isa = PBXBuildFile; fileRef = 277477C7189A1ED800146FB4 /* UIKit.framework */; };
		277477E5189A1ED800146FB4 /* CoreData.framework in Frameworks */ = {isa = PBXBuildFile; fileRef = 277477C9189A1ED800146FB4 /* CoreData.framework */; };
		277477F9189A1F0300146FB4 /* Main.storyboard in Resources */ = {isa = PBXBuildFile; fileRef = 277477F8189A1F0300146FB4 /* Main.storyboard */; };
		277477FC189A1F6800146FB4 /* GeneratedUsersTableView.m in Sources */ = {isa = PBXBuildFile; fileRef = 277477FB189A1F6800146FB4 /* GeneratedUsersTableView.m */; };
		27747801189A200C00146FB4 /* RandomlyGeneratedUser.m in Sources */ = {isa = PBXBuildFile; fileRef = 27747800189A200C00146FB4 /* RandomlyGeneratedUser.m */; };
		27747804189A211900146FB4 /* UserTableViewCell.m in Sources */ = {isa = PBXBuildFile; fileRef = 27747803189A211900146FB4 /* UserTableViewCell.m */; };
		27DED64819C935110037F053 /* TTAbout.swift in Sources */ = {isa = PBXBuildFile; fileRef = 27DED64719C935110037F053 /* TTAbout.swift */; };
		27E2240618D9F6C700CC72D6 /* AFHTTPRequestOperation.m in Sources */ = {isa = PBXBuildFile; fileRef = 27E223F418D9F6C700CC72D6 /* AFHTTPRequestOperation.m */; };
		27E2240718D9F6C700CC72D6 /* AFHTTPRequestOperationManager.m in Sources */ = {isa = PBXBuildFile; fileRef = 27E223F618D9F6C700CC72D6 /* AFHTTPRequestOperationManager.m */; };
		27E2240818D9F6C700CC72D6 /* AFHTTPSessionManager.m in Sources */ = {isa = PBXBuildFile; fileRef = 27E223F818D9F6C700CC72D6 /* AFHTTPSessionManager.m */; };
		27E2240918D9F6C700CC72D6 /* AFNetworkReachabilityManager.m in Sources */ = {isa = PBXBuildFile; fileRef = 27E223FB18D9F6C700CC72D6 /* AFNetworkReachabilityManager.m */; };
		27E2240A18D9F6C700CC72D6 /* AFSecurityPolicy.m in Sources */ = {isa = PBXBuildFile; fileRef = 27E223FD18D9F6C700CC72D6 /* AFSecurityPolicy.m */; };
		27E2240B18D9F6C700CC72D6 /* AFURLConnectionOperation.m in Sources */ = {isa = PBXBuildFile; fileRef = 27E223FF18D9F6C700CC72D6 /* AFURLConnectionOperation.m */; };
		27E2240C18D9F6C700CC72D6 /* AFURLRequestSerialization.m in Sources */ = {isa = PBXBuildFile; fileRef = 27E2240118D9F6C700CC72D6 /* AFURLRequestSerialization.m */; };
		27E2240D18D9F6C700CC72D6 /* AFURLResponseSerialization.m in Sources */ = {isa = PBXBuildFile; fileRef = 27E2240318D9F6C700CC72D6 /* AFURLResponseSerialization.m */; };
		27E2240E18D9F6C700CC72D6 /* AFURLSessionManager.m in Sources */ = {isa = PBXBuildFile; fileRef = 27E2240518D9F6C700CC72D6 /* AFURLSessionManager.m */; };
		27E2242118D9F77400CC72D6 /* AFNetworkActivityIndicatorManager.m in Sources */ = {isa = PBXBuildFile; fileRef = 27E2241118D9F77400CC72D6 /* AFNetworkActivityIndicatorManager.m */; };
		27E2242218D9F77400CC72D6 /* UIActivityIndicatorView+AFNetworking.m in Sources */ = {isa = PBXBuildFile; fileRef = 27E2241318D9F77400CC72D6 /* UIActivityIndicatorView+AFNetworking.m */; };
		27E2242318D9F77400CC72D6 /* UIAlertView+AFNetworking.m in Sources */ = {isa = PBXBuildFile; fileRef = 27E2241518D9F77400CC72D6 /* UIAlertView+AFNetworking.m */; };
		27E2242418D9F77400CC72D6 /* UIButton+AFNetworking.m in Sources */ = {isa = PBXBuildFile; fileRef = 27E2241718D9F77400CC72D6 /* UIButton+AFNetworking.m */; };
		27E2242518D9F77400CC72D6 /* UIImageView+AFNetworking.m in Sources */ = {isa = PBXBuildFile; fileRef = 27E2241918D9F77400CC72D6 /* UIImageView+AFNetworking.m */; };
		27E2242618D9F77400CC72D6 /* UIProgressView+AFNetworking.m in Sources */ = {isa = PBXBuildFile; fileRef = 27E2241C18D9F77400CC72D6 /* UIProgressView+AFNetworking.m */; };
		27E2242718D9F77400CC72D6 /* UIRefreshControl+AFNetworking.m in Sources */ = {isa = PBXBuildFile; fileRef = 27E2241E18D9F77400CC72D6 /* UIRefreshControl+AFNetworking.m */; };
		27E2242818D9F77400CC72D6 /* UIWebView+AFNetworking.m in Sources */ = {isa = PBXBuildFile; fileRef = 27E2242018D9F77400CC72D6 /* UIWebView+AFNetworking.m */; };
/* End PBXBuildFile section */

/* Begin PBXContainerItemProxy section */
		277477E6189A1ED800146FB4 /* PBXContainerItemProxy */ = {
			isa = PBXContainerItemProxy;
			containerPortal = 277477B8189A1ED800146FB4 /* Project object */;
			proxyType = 1;
			remoteGlobalIDString = 277477BF189A1ED800146FB4;
			remoteInfo = "Random User Generator";
		};
/* End PBXContainerItemProxy section */

/* Begin PBXFileReference section */
		275C88F819C7FB3B00A61878 /* Fluky-Bridging-Header.h */ = {isa = PBXFileReference; lastKnownFileType = sourcecode.c.h; path = "Fluky-Bridging-Header.h"; sourceTree = "<group>"; };
		276E01B41919F40C001C961D /* Images.xcassets */ = {isa = PBXFileReference; lastKnownFileType = folder.assetcatalog; path = Images.xcassets; sourceTree = "<group>"; };
		27707DAD19D137730055B9A5 /* Launch Screen.xib */ = {isa = PBXFileReference; fileEncoding = 4; lastKnownFileType = file.xib; name = "Launch Screen.xib"; path = "../Launch Screen.xib"; sourceTree = "<group>"; };
		277477C0189A1ED800146FB4 /* Fluky.app */ = {isa = PBXFileReference; explicitFileType = wrapper.application; includeInIndex = 0; path = Fluky.app; sourceTree = BUILT_PRODUCTS_DIR; };
		277477C3189A1ED800146FB4 /* Foundation.framework */ = {isa = PBXFileReference; lastKnownFileType = wrapper.framework; name = Foundation.framework; path = System/Library/Frameworks/Foundation.framework; sourceTree = SDKROOT; };
		277477C5189A1ED800146FB4 /* CoreGraphics.framework */ = {isa = PBXFileReference; lastKnownFileType = wrapper.framework; name = CoreGraphics.framework; path = System/Library/Frameworks/CoreGraphics.framework; sourceTree = SDKROOT; };
		277477C7189A1ED800146FB4 /* UIKit.framework */ = {isa = PBXFileReference; lastKnownFileType = wrapper.framework; name = UIKit.framework; path = System/Library/Frameworks/UIKit.framework; sourceTree = SDKROOT; };
		277477C9189A1ED800146FB4 /* CoreData.framework */ = {isa = PBXFileReference; lastKnownFileType = wrapper.framework; name = CoreData.framework; path = System/Library/Frameworks/CoreData.framework; sourceTree = SDKROOT; };
		277477CD189A1ED800146FB4 /* Fluky-Info.plist */ = {isa = PBXFileReference; lastKnownFileType = text.plist.xml; path = "Fluky-Info.plist"; sourceTree = "<group>"; };
		277477CF189A1ED800146FB4 /* en */ = {isa = PBXFileReference; lastKnownFileType = text.plist.strings; name = en; path = en.lproj/InfoPlist.strings; sourceTree = "<group>"; };
		277477D1189A1ED800146FB4 /* main.m */ = {isa = PBXFileReference; lastKnownFileType = sourcecode.c.objc; path = main.m; sourceTree = "<group>"; };
		277477D3189A1ED800146FB4 /* Fluky-Prefix.pch */ = {isa = PBXFileReference; lastKnownFileType = sourcecode.c.h; path = "Fluky-Prefix.pch"; sourceTree = "<group>"; };
		277477D4189A1ED800146FB4 /* AppDelegate.h */ = {isa = PBXFileReference; lastKnownFileType = sourcecode.c.h; path = AppDelegate.h; sourceTree = "<group>"; };
		277477D5189A1ED800146FB4 /* AppDelegate.m */ = {isa = PBXFileReference; lastKnownFileType = sourcecode.c.objc; path = AppDelegate.m; sourceTree = "<group>"; };
		277477D8189A1ED800146FB4 /* Random_User_Generator.xcdatamodel */ = {isa = PBXFileReference; lastKnownFileType = wrapper.xcdatamodel; path = Random_User_Generator.xcdatamodel; sourceTree = "<group>"; };
		277477E0189A1ED800146FB4 /* FlukyTests.xctest */ = {isa = PBXFileReference; explicitFileType = wrapper.cfbundle; includeInIndex = 0; path = FlukyTests.xctest; sourceTree = BUILT_PRODUCTS_DIR; };
		277477E1189A1ED800146FB4 /* XCTest.framework */ = {isa = PBXFileReference; lastKnownFileType = wrapper.framework; name = XCTest.framework; path = Library/Frameworks/XCTest.framework; sourceTree = DEVELOPER_DIR; };
		277477F8189A1F0300146FB4 /* Main.storyboard */ = {isa = PBXFileReference; fileEncoding = 4; lastKnownFileType = file.storyboard; name = Main.storyboard; path = ../Main.storyboard; sourceTree = "<group>"; };
		277477FA189A1F6800146FB4 /* GeneratedUsersTableView.h */ = {isa = PBXFileReference; fileEncoding = 4; lastKnownFileType = sourcecode.c.h; name = GeneratedUsersTableView.h; path = Controllers/GeneratedUsersTableView.h; sourceTree = "<group>"; };
		277477FB189A1F6800146FB4 /* GeneratedUsersTableView.m */ = {isa = PBXFileReference; fileEncoding = 4; lastKnownFileType = sourcecode.c.objc; name = GeneratedUsersTableView.m; path = Controllers/GeneratedUsersTableView.m; sourceTree = "<group>"; };
		277477FF189A200C00146FB4 /* RandomlyGeneratedUser.h */ = {isa = PBXFileReference; fileEncoding = 4; lastKnownFileType = sourcecode.c.h; name = RandomlyGeneratedUser.h; path = Models/RandomlyGeneratedUser.h; sourceTree = "<group>"; };
		27747800189A200C00146FB4 /* RandomlyGeneratedUser.m */ = {isa = PBXFileReference; fileEncoding = 4; lastKnownFileType = sourcecode.c.objc; name = RandomlyGeneratedUser.m; path = Models/RandomlyGeneratedUser.m; sourceTree = "<group>"; };
		27747802189A211900146FB4 /* UserTableViewCell.h */ = {isa = PBXFileReference; fileEncoding = 4; lastKnownFileType = sourcecode.c.h; name = UserTableViewCell.h; path = Models/UserTableViewCell.h; sourceTree = "<group>"; };
		27747803189A211900146FB4 /* UserTableViewCell.m */ = {isa = PBXFileReference; fileEncoding = 4; lastKnownFileType = sourcecode.c.objc; name = UserTableViewCell.m; path = Models/UserTableViewCell.m; sourceTree = "<group>"; };
		27DED64719C935110037F053 /* TTAbout.swift */ = {isa = PBXFileReference; fileEncoding = 4; lastKnownFileType = sourcecode.swift; path = TTAbout.swift; sourceTree = "<group>"; };
		27E223F318D9F6C700CC72D6 /* AFHTTPRequestOperation.h */ = {isa = PBXFileReference; fileEncoding = 4; lastKnownFileType = sourcecode.c.h; path = AFHTTPRequestOperation.h; sourceTree = "<group>"; };
		27E223F418D9F6C700CC72D6 /* AFHTTPRequestOperation.m */ = {isa = PBXFileReference; fileEncoding = 4; lastKnownFileType = sourcecode.c.objc; path = AFHTTPRequestOperation.m; sourceTree = "<group>"; };
		27E223F518D9F6C700CC72D6 /* AFHTTPRequestOperationManager.h */ = {isa = PBXFileReference; fileEncoding = 4; lastKnownFileType = sourcecode.c.h; path = AFHTTPRequestOperationManager.h; sourceTree = "<group>"; };
		27E223F618D9F6C700CC72D6 /* AFHTTPRequestOperationManager.m */ = {isa = PBXFileReference; fileEncoding = 4; lastKnownFileType = sourcecode.c.objc; path = AFHTTPRequestOperationManager.m; sourceTree = "<group>"; };
		27E223F718D9F6C700CC72D6 /* AFHTTPSessionManager.h */ = {isa = PBXFileReference; fileEncoding = 4; lastKnownFileType = sourcecode.c.h; path = AFHTTPSessionManager.h; sourceTree = "<group>"; };
		27E223F818D9F6C700CC72D6 /* AFHTTPSessionManager.m */ = {isa = PBXFileReference; fileEncoding = 4; lastKnownFileType = sourcecode.c.objc; path = AFHTTPSessionManager.m; sourceTree = "<group>"; };
		27E223F918D9F6C700CC72D6 /* AFNetworking.h */ = {isa = PBXFileReference; fileEncoding = 4; lastKnownFileType = sourcecode.c.h; path = AFNetworking.h; sourceTree = "<group>"; };
		27E223FA18D9F6C700CC72D6 /* AFNetworkReachabilityManager.h */ = {isa = PBXFileReference; fileEncoding = 4; lastKnownFileType = sourcecode.c.h; path = AFNetworkReachabilityManager.h; sourceTree = "<group>"; };
		27E223FB18D9F6C700CC72D6 /* AFNetworkReachabilityManager.m */ = {isa = PBXFileReference; fileEncoding = 4; lastKnownFileType = sourcecode.c.objc; path = AFNetworkReachabilityManager.m; sourceTree = "<group>"; };
		27E223FC18D9F6C700CC72D6 /* AFSecurityPolicy.h */ = {isa = PBXFileReference; fileEncoding = 4; lastKnownFileType = sourcecode.c.h; path = AFSecurityPolicy.h; sourceTree = "<group>"; };
		27E223FD18D9F6C700CC72D6 /* AFSecurityPolicy.m */ = {isa = PBXFileReference; fileEncoding = 4; lastKnownFileType = sourcecode.c.objc; path = AFSecurityPolicy.m; sourceTree = "<group>"; };
		27E223FE18D9F6C700CC72D6 /* AFURLConnectionOperation.h */ = {isa = PBXFileReference; fileEncoding = 4; lastKnownFileType = sourcecode.c.h; path = AFURLConnectionOperation.h; sourceTree = "<group>"; };
		27E223FF18D9F6C700CC72D6 /* AFURLConnectionOperation.m */ = {isa = PBXFileReference; fileEncoding = 4; lastKnownFileType = sourcecode.c.objc; path = AFURLConnectionOperation.m; sourceTree = "<group>"; };
		27E2240018D9F6C700CC72D6 /* AFURLRequestSerialization.h */ = {isa = PBXFileReference; fileEncoding = 4; lastKnownFileType = sourcecode.c.h; path = AFURLRequestSerialization.h; sourceTree = "<group>"; };
		27E2240118D9F6C700CC72D6 /* AFURLRequestSerialization.m */ = {isa = PBXFileReference; fileEncoding = 4; lastKnownFileType = sourcecode.c.objc; path = AFURLRequestSerialization.m; sourceTree = "<group>"; };
		27E2240218D9F6C700CC72D6 /* AFURLResponseSerialization.h */ = {isa = PBXFileReference; fileEncoding = 4; lastKnownFileType = sourcecode.c.h; path = AFURLResponseSerialization.h; sourceTree = "<group>"; };
		27E2240318D9F6C700CC72D6 /* AFURLResponseSerialization.m */ = {isa = PBXFileReference; fileEncoding = 4; lastKnownFileType = sourcecode.c.objc; path = AFURLResponseSerialization.m; sourceTree = "<group>"; };
		27E2240418D9F6C700CC72D6 /* AFURLSessionManager.h */ = {isa = PBXFileReference; fileEncoding = 4; lastKnownFileType = sourcecode.c.h; path = AFURLSessionManager.h; sourceTree = "<group>"; };
		27E2240518D9F6C700CC72D6 /* AFURLSessionManager.m */ = {isa = PBXFileReference; fileEncoding = 4; lastKnownFileType = sourcecode.c.objc; path = AFURLSessionManager.m; sourceTree = "<group>"; };
		27E2241018D9F77400CC72D6 /* AFNetworkActivityIndicatorManager.h */ = {isa = PBXFileReference; fileEncoding = 4; lastKnownFileType = sourcecode.c.h; path = AFNetworkActivityIndicatorManager.h; sourceTree = "<group>"; };
		27E2241118D9F77400CC72D6 /* AFNetworkActivityIndicatorManager.m */ = {isa = PBXFileReference; fileEncoding = 4; lastKnownFileType = sourcecode.c.objc; path = AFNetworkActivityIndicatorManager.m; sourceTree = "<group>"; };
		27E2241218D9F77400CC72D6 /* UIActivityIndicatorView+AFNetworking.h */ = {isa = PBXFileReference; fileEncoding = 4; lastKnownFileType = sourcecode.c.h; path = "UIActivityIndicatorView+AFNetworking.h"; sourceTree = "<group>"; };
		27E2241318D9F77400CC72D6 /* UIActivityIndicatorView+AFNetworking.m */ = {isa = PBXFileReference; fileEncoding = 4; lastKnownFileType = sourcecode.c.objc; path = "UIActivityIndicatorView+AFNetworking.m"; sourceTree = "<group>"; };
		27E2241418D9F77400CC72D6 /* UIAlertView+AFNetworking.h */ = {isa = PBXFileReference; fileEncoding = 4; lastKnownFileType = sourcecode.c.h; path = "UIAlertView+AFNetworking.h"; sourceTree = "<group>"; };
		27E2241518D9F77400CC72D6 /* UIAlertView+AFNetworking.m */ = {isa = PBXFileReference; fileEncoding = 4; lastKnownFileType = sourcecode.c.objc; path = "UIAlertView+AFNetworking.m"; sourceTree = "<group>"; };
		27E2241618D9F77400CC72D6 /* UIButton+AFNetworking.h */ = {isa = PBXFileReference; fileEncoding = 4; lastKnownFileType = sourcecode.c.h; path = "UIButton+AFNetworking.h"; sourceTree = "<group>"; };
		27E2241718D9F77400CC72D6 /* UIButton+AFNetworking.m */ = {isa = PBXFileReference; fileEncoding = 4; lastKnownFileType = sourcecode.c.objc; path = "UIButton+AFNetworking.m"; sourceTree = "<group>"; };
		27E2241818D9F77400CC72D6 /* UIImageView+AFNetworking.h */ = {isa = PBXFileReference; fileEncoding = 4; lastKnownFileType = sourcecode.c.h; path = "UIImageView+AFNetworking.h"; sourceTree = "<group>"; };
		27E2241918D9F77400CC72D6 /* UIImageView+AFNetworking.m */ = {isa = PBXFileReference; fileEncoding = 4; lastKnownFileType = sourcecode.c.objc; path = "UIImageView+AFNetworking.m"; sourceTree = "<group>"; };
		27E2241A18D9F77400CC72D6 /* UIKit+AFNetworking.h */ = {isa = PBXFileReference; fileEncoding = 4; lastKnownFileType = sourcecode.c.h; path = "UIKit+AFNetworking.h"; sourceTree = "<group>"; };
		27E2241B18D9F77400CC72D6 /* UIProgressView+AFNetworking.h */ = {isa = PBXFileReference; fileEncoding = 4; lastKnownFileType = sourcecode.c.h; path = "UIProgressView+AFNetworking.h"; sourceTree = "<group>"; };
		27E2241C18D9F77400CC72D6 /* UIProgressView+AFNetworking.m */ = {isa = PBXFileReference; fileEncoding = 4; lastKnownFileType = sourcecode.c.objc; path = "UIProgressView+AFNetworking.m"; sourceTree = "<group>"; };
		27E2241D18D9F77400CC72D6 /* UIRefreshControl+AFNetworking.h */ = {isa = PBXFileReference; fileEncoding = 4; lastKnownFileType = sourcecode.c.h; path = "UIRefreshControl+AFNetworking.h"; sourceTree = "<group>"; };
		27E2241E18D9F77400CC72D6 /* UIRefreshControl+AFNetworking.m */ = {isa = PBXFileReference; fileEncoding = 4; lastKnownFileType = sourcecode.c.objc; path = "UIRefreshControl+AFNetworking.m"; sourceTree = "<group>"; };
		27E2241F18D9F77400CC72D6 /* UIWebView+AFNetworking.h */ = {isa = PBXFileReference; fileEncoding = 4; lastKnownFileType = sourcecode.c.h; path = "UIWebView+AFNetworking.h"; sourceTree = "<group>"; };
		27E2242018D9F77400CC72D6 /* UIWebView+AFNetworking.m */ = {isa = PBXFileReference; fileEncoding = 4; lastKnownFileType = sourcecode.c.objc; path = "UIWebView+AFNetworking.m"; sourceTree = "<group>"; };
/* End PBXFileReference section */

/* Begin PBXFrameworksBuildPhase section */
		277477BD189A1ED800146FB4 /* Frameworks */ = {
			isa = PBXFrameworksBuildPhase;
			buildActionMask = 2147483647;
			files = (
				277477C6189A1ED800146FB4 /* CoreGraphics.framework in Frameworks */,
				277477CA189A1ED800146FB4 /* CoreData.framework in Frameworks */,
				277477C8189A1ED800146FB4 /* UIKit.framework in Frameworks */,
				277477C4189A1ED800146FB4 /* Foundation.framework in Frameworks */,
			);
			runOnlyForDeploymentPostprocessing = 0;
		};
		277477DD189A1ED800146FB4 /* Frameworks */ = {
			isa = PBXFrameworksBuildPhase;
			buildActionMask = 2147483647;
			files = (
				277477E2189A1ED800146FB4 /* XCTest.framework in Frameworks */,
				277477E5189A1ED800146FB4 /* CoreData.framework in Frameworks */,
				277477E4189A1ED800146FB4 /* UIKit.framework in Frameworks */,
				277477E3189A1ED800146FB4 /* Foundation.framework in Frameworks */,
			);
			runOnlyForDeploymentPostprocessing = 0;
		};
/* End PBXFrameworksBuildPhase section */

/* Begin PBXGroup section */
		277477B7189A1ED800146FB4 = {
			isa = PBXGroup;
			children = (
				277477CB189A1ED800146FB4 /* Random User Generator */,
				277477CC189A1ED800146FB4 /* Supporting Files */,
				277477C2189A1ED800146FB4 /* Frameworks */,
				277477C1189A1ED800146FB4 /* Products */,
			);
			sourceTree = "<group>";
		};
		277477C1189A1ED800146FB4 /* Products */ = {
			isa = PBXGroup;
			children = (
				277477C0189A1ED800146FB4 /* Fluky.app */,
				277477E0189A1ED800146FB4 /* FlukyTests.xctest */,
			);
			name = Products;
			sourceTree = "<group>";
		};
		277477C2189A1ED800146FB4 /* Frameworks */ = {
			isa = PBXGroup;
			children = (
				277477C3189A1ED800146FB4 /* Foundation.framework */,
				277477C5189A1ED800146FB4 /* CoreGraphics.framework */,
				277477C7189A1ED800146FB4 /* UIKit.framework */,
				277477C9189A1ED800146FB4 /* CoreData.framework */,
				277477E1189A1ED800146FB4 /* XCTest.framework */,
			);
			name = Frameworks;
			sourceTree = "<group>";
		};
		277477CB189A1ED800146FB4 /* Random User Generator */ = {
			isa = PBXGroup;
			children = (
				276E01B41919F40C001C961D /* Images.xcassets */,
				277477F8189A1F0300146FB4 /* Main.storyboard */,
				27707DAD19D137730055B9A5 /* Launch Screen.xib */,
				277477FE189A1F7E00146FB4 /* Models */,
				277477FD189A1F6C00146FB4 /* Controllers */,
				277477D4189A1ED800146FB4 /* AppDelegate.h */,
				277477D5189A1ED800146FB4 /* AppDelegate.m */,
				277477D7189A1ED800146FB4 /* Random_User_Generator.xcdatamodeld */,
			);
			path = "Random User Generator";
			sourceTree = "<group>";
		};
		277477CC189A1ED800146FB4 /* Supporting Files */ = {
			isa = PBXGroup;
			children = (
				27F99A6019039F2100C2D440 /* AFNetworking */,
				277477CD189A1ED800146FB4 /* Fluky-Info.plist */,
				277477CE189A1ED800146FB4 /* InfoPlist.strings */,
				277477D1189A1ED800146FB4 /* main.m */,
				277477D3189A1ED800146FB4 /* Fluky-Prefix.pch */,
			);
			name = "Supporting Files";
			path = "Random User Generator";
			sourceTree = "<group>";
		};
		277477FD189A1F6C00146FB4 /* Controllers */ = {
			isa = PBXGroup;
			children = (
				277477FA189A1F6800146FB4 /* GeneratedUsersTableView.h */,
				277477FB189A1F6800146FB4 /* GeneratedUsersTableView.m */,
				275C88F819C7FB3B00A61878 /* Fluky-Bridging-Header.h */,
				27DED64719C935110037F053 /* TTAbout.swift */,
			);
			name = Controllers;
			sourceTree = "<group>";
		};
		277477FE189A1F7E00146FB4 /* Models */ = {
			isa = PBXGroup;
			children = (
				277477FF189A200C00146FB4 /* RandomlyGeneratedUser.h */,
				27747800189A200C00146FB4 /* RandomlyGeneratedUser.m */,
				27747802189A211900146FB4 /* UserTableViewCell.h */,
				27747803189A211900146FB4 /* UserTableViewCell.m */,
			);
			name = Models;
			sourceTree = "<group>";
		};
		27E223F218D9F6C700CC72D6 /* AFNetworking */ = {
			isa = PBXGroup;
			children = (
				27E223F318D9F6C700CC72D6 /* AFHTTPRequestOperation.h */,
				27E223F418D9F6C700CC72D6 /* AFHTTPRequestOperation.m */,
				27E223F518D9F6C700CC72D6 /* AFHTTPRequestOperationManager.h */,
				27E223F618D9F6C700CC72D6 /* AFHTTPRequestOperationManager.m */,
				27E223F718D9F6C700CC72D6 /* AFHTTPSessionManager.h */,
				27E223F818D9F6C700CC72D6 /* AFHTTPSessionManager.m */,
				27E223F918D9F6C700CC72D6 /* AFNetworking.h */,
				27E223FA18D9F6C700CC72D6 /* AFNetworkReachabilityManager.h */,
				27E223FB18D9F6C700CC72D6 /* AFNetworkReachabilityManager.m */,
				27E223FC18D9F6C700CC72D6 /* AFSecurityPolicy.h */,
				27E223FD18D9F6C700CC72D6 /* AFSecurityPolicy.m */,
				27E223FE18D9F6C700CC72D6 /* AFURLConnectionOperation.h */,
				27E223FF18D9F6C700CC72D6 /* AFURLConnectionOperation.m */,
				27E2240018D9F6C700CC72D6 /* AFURLRequestSerialization.h */,
				27E2240118D9F6C700CC72D6 /* AFURLRequestSerialization.m */,
				27E2240218D9F6C700CC72D6 /* AFURLResponseSerialization.h */,
				27E2240318D9F6C700CC72D6 /* AFURLResponseSerialization.m */,
				27E2240418D9F6C700CC72D6 /* AFURLSessionManager.h */,
				27E2240518D9F6C700CC72D6 /* AFURLSessionManager.m */,
			);
			name = AFNetworking;
			path = ../AFNetworking;
			sourceTree = "<group>";
		};
		27E2240F18D9F77400CC72D6 /* UIKit+AFNetworking */ = {
			isa = PBXGroup;
			children = (
				27E2241018D9F77400CC72D6 /* AFNetworkActivityIndicatorManager.h */,
				27E2241118D9F77400CC72D6 /* AFNetworkActivityIndicatorManager.m */,
				27E2241218D9F77400CC72D6 /* UIActivityIndicatorView+AFNetworking.h */,
				27E2241318D9F77400CC72D6 /* UIActivityIndicatorView+AFNetworking.m */,
				27E2241418D9F77400CC72D6 /* UIAlertView+AFNetworking.h */,
				27E2241518D9F77400CC72D6 /* UIAlertView+AFNetworking.m */,
				27E2241618D9F77400CC72D6 /* UIButton+AFNetworking.h */,
				27E2241718D9F77400CC72D6 /* UIButton+AFNetworking.m */,
				27E2241818D9F77400CC72D6 /* UIImageView+AFNetworking.h */,
				27E2241918D9F77400CC72D6 /* UIImageView+AFNetworking.m */,
				27E2241A18D9F77400CC72D6 /* UIKit+AFNetworking.h */,
				27E2241B18D9F77400CC72D6 /* UIProgressView+AFNetworking.h */,
				27E2241C18D9F77400CC72D6 /* UIProgressView+AFNetworking.m */,
				27E2241D18D9F77400CC72D6 /* UIRefreshControl+AFNetworking.h */,
				27E2241E18D9F77400CC72D6 /* UIRefreshControl+AFNetworking.m */,
				27E2241F18D9F77400CC72D6 /* UIWebView+AFNetworking.h */,
				27E2242018D9F77400CC72D6 /* UIWebView+AFNetworking.m */,
			);
			name = "UIKit+AFNetworking";
			path = "../AFNetworking/UIKit+AFNetworking";
			sourceTree = "<group>";
		};
		27F99A6019039F2100C2D440 /* AFNetworking */ = {
			isa = PBXGroup;
			children = (
				27E223F218D9F6C700CC72D6 /* AFNetworking */,
				27E2240F18D9F77400CC72D6 /* UIKit+AFNetworking */,
			);
			name = AFNetworking;
			sourceTree = "<group>";
		};
/* End PBXGroup section */

/* Begin PBXNativeTarget section */
		277477BF189A1ED800146FB4 /* Fluky */ = {
			isa = PBXNativeTarget;
			buildConfigurationList = 277477F2189A1ED800146FB4 /* Build configuration list for PBXNativeTarget "Fluky" */;
			buildPhases = (
				277477BC189A1ED800146FB4 /* Sources */,
				277477BD189A1ED800146FB4 /* Frameworks */,
				277477BE189A1ED800146FB4 /* Resources */,
				27D6863419C7F8E100EF70E9 /* ShellScript */,
			);
			buildRules = (
			);
			dependencies = (
			);
			name = Fluky;
			productName = "Random User Generator";
			productReference = 277477C0189A1ED800146FB4 /* Fluky.app */;
			productType = "com.apple.product-type.application";
		};
		277477DF189A1ED800146FB4 /* FlukyTests */ = {
			isa = PBXNativeTarget;
			buildConfigurationList = 277477F5189A1ED800146FB4 /* Build configuration list for PBXNativeTarget "FlukyTests" */;
			buildPhases = (
				277477DC189A1ED800146FB4 /* Sources */,
				277477DD189A1ED800146FB4 /* Frameworks */,
				277477DE189A1ED800146FB4 /* Resources */,
			);
			buildRules = (
			);
			dependencies = (
				277477E7189A1ED800146FB4 /* PBXTargetDependency */,
			);
			name = FlukyTests;
			productName = "Random User GeneratorTests";
			productReference = 277477E0189A1ED800146FB4 /* FlukyTests.xctest */;
			productType = "com.apple.product-type.bundle.unit-test";
		};
/* End PBXNativeTarget section */

/* Begin PBXProject section */
		277477B8189A1ED800146FB4 /* Project object */ = {
			isa = PBXProject;
			attributes = {
				LastUpgradeCheck = 0510;
				ORGANIZATIONNAME = PolaritySoftware;
				TargetAttributes = {
					277477BF189A1ED800146FB4 = {
						DevelopmentTeam = 6TFBL9XBMK;
					};
					277477DF189A1ED800146FB4 = {
						TestTargetID = 277477BF189A1ED800146FB4;
					};
				};
			};
			buildConfigurationList = 277477BB189A1ED800146FB4 /* Build configuration list for PBXProject "Fluky" */;
			compatibilityVersion = "Xcode 3.2";
			developmentRegion = English;
			hasScannedForEncodings = 0;
			knownRegions = (
				en,
			);
			mainGroup = 277477B7189A1ED800146FB4;
			productRefGroup = 277477C1189A1ED800146FB4 /* Products */;
			projectDirPath = "";
			projectRoot = "";
			targets = (
				277477BF189A1ED800146FB4 /* Fluky */,
				277477DF189A1ED800146FB4 /* FlukyTests */,
			);
		};
/* End PBXProject section */

/* Begin PBXResourcesBuildPhase section */
		277477BE189A1ED800146FB4 /* Resources */ = {
			isa = PBXResourcesBuildPhase;
			buildActionMask = 2147483647;
			files = (
				276E01B51919F40C001C961D /* Images.xcassets in Resources */,
				27707DAE19D137730055B9A5 /* Launch Screen.xib in Resources */,
				277477D0189A1ED800146FB4 /* InfoPlist.strings in Resources */,
				277477F9189A1F0300146FB4 /* Main.storyboard in Resources */,
			);
			runOnlyForDeploymentPostprocessing = 0;
		};
		277477DE189A1ED800146FB4 /* Resources */ = {
			isa = PBXResourcesBuildPhase;
			buildActionMask = 2147483647;
			files = (
			);
			runOnlyForDeploymentPostprocessing = 0;
		};
/* End PBXResourcesBuildPhase section */

/* Begin PBXShellScriptBuildPhase section */
		27D6863419C7F8E100EF70E9 /* ShellScript */ = {
			isa = PBXShellScriptBuildPhase;
			buildActionMask = 2147483647;
			files = (
			);
			inputPaths = (
			);
			outputPaths = (
			);
			runOnlyForDeploymentPostprocessing = 0;
			shellPath = /bin/sh;
			shellScript = "#\n# Set the build number to the current git commit count.\n# If we're using the Dev scheme, then we'll suffix the build\n# number with the current branch name, to make collisions\n# far less likely across feature branches.\n# Based on: http://w3facility.info/question/how-do-i-force-xcode-to-rebuild-the-info-plist-file-in-my-project-every-time-i-build-the-project/\n#\ngit=`sh /etc/profile; which git`\nappBuild=`\"$git\" rev-list --all |wc -l`\nif [ $CONFIGURATION = \"Debug\" ]; then\nbranchName=`\"$git\" rev-parse --abbrev-ref HEAD`\n/usr/libexec/PlistBuddy -c \"Set :CFBundleVersion $appBuild-$branchName\" \"${TARGET_BUILD_DIR}/${INFOPLIST_PATH}\"\nelse\n/usr/libexec/PlistBuddy -c \"Set :CFBundleVersion $appBuild\" \"${TARGET_BUILD_DIR}/${INFOPLIST_PATH}\"\nfi\necho \"Updated ${TARGET_BUILD_DIR}/${INFOPLIST_PATH}\"";
		};
/* End PBXShellScriptBuildPhase section */

/* Begin PBXSourcesBuildPhase section */
		277477BC189A1ED800146FB4 /* Sources */ = {
			isa = PBXSourcesBuildPhase;
			buildActionMask = 2147483647;
			files = (
				27E2240E18D9F6C700CC72D6 /* AFURLSessionManager.m in Sources */,
				27747801189A200C00146FB4 /* RandomlyGeneratedUser.m in Sources */,
				277477FC189A1F6800146FB4 /* GeneratedUsersTableView.m in Sources */,
				27DED64819C935110037F053 /* TTAbout.swift in Sources */,
				27E2240918D9F6C700CC72D6 /* AFNetworkReachabilityManager.m in Sources */,
				27E2242118D9F77400CC72D6 /* AFNetworkActivityIndicatorManager.m in Sources */,
				27747804189A211900146FB4 /* UserTableViewCell.m in Sources */,
				27E2240B18D9F6C700CC72D6 /* AFURLConnectionOperation.m in Sources */,
				27E2242618D9F77400CC72D6 /* UIProgressView+AFNetworking.m in Sources */,
				27E2240818D9F6C700CC72D6 /* AFHTTPSessionManager.m in Sources */,
				27E2240C18D9F6C700CC72D6 /* AFURLRequestSerialization.m in Sources */,
				277477D6189A1ED800146FB4 /* AppDelegate.m in Sources */,
				27E2242418D9F77400CC72D6 /* UIButton+AFNetworking.m in Sources */,
				27E2242518D9F77400CC72D6 /* UIImageView+AFNetworking.m in Sources */,
				277477D9189A1ED800146FB4 /* Random_User_Generator.xcdatamodeld in Sources */,
				277477D2189A1ED800146FB4 /* main.m in Sources */,
				27E2242318D9F77400CC72D6 /* UIAlertView+AFNetworking.m in Sources */,
				27E2242818D9F77400CC72D6 /* UIWebView+AFNetworking.m in Sources */,
				27E2242218D9F77400CC72D6 /* UIActivityIndicatorView+AFNetworking.m in Sources */,
				27E2240718D9F6C700CC72D6 /* AFHTTPRequestOperationManager.m in Sources */,
				27E2242718D9F77400CC72D6 /* UIRefreshControl+AFNetworking.m in Sources */,
				27E2240A18D9F6C700CC72D6 /* AFSecurityPolicy.m in Sources */,
				27E2240D18D9F6C700CC72D6 /* AFURLResponseSerialization.m in Sources */,
				27E2240618D9F6C700CC72D6 /* AFHTTPRequestOperation.m in Sources */,
			);
			runOnlyForDeploymentPostprocessing = 0;
		};
		277477DC189A1ED800146FB4 /* Sources */ = {
			isa = PBXSourcesBuildPhase;
			buildActionMask = 2147483647;
			files = (
			);
			runOnlyForDeploymentPostprocessing = 0;
		};
/* End PBXSourcesBuildPhase section */

/* Begin PBXTargetDependency section */
		277477E7189A1ED800146FB4 /* PBXTargetDependency */ = {
			isa = PBXTargetDependency;
			target = 277477BF189A1ED800146FB4 /* Fluky */;
			targetProxy = 277477E6189A1ED800146FB4 /* PBXContainerItemProxy */;
		};
/* End PBXTargetDependency section */

/* Begin PBXVariantGroup section */
		277477CE189A1ED800146FB4 /* InfoPlist.strings */ = {
			isa = PBXVariantGroup;
			children = (
				277477CF189A1ED800146FB4 /* en */,
			);
			name = InfoPlist.strings;
			sourceTree = "<group>";
		};
/* End PBXVariantGroup section */

/* Begin XCBuildConfiguration section */
		277477F0189A1ED800146FB4 /* Debug */ = {
			isa = XCBuildConfiguration;
			buildSettings = {
				ALWAYS_SEARCH_USER_PATHS = NO;
				CLANG_CXX_LANGUAGE_STANDARD = "gnu++0x";
				CLANG_CXX_LIBRARY = "libc++";
				CLANG_ENABLE_MODULES = YES;
				CLANG_ENABLE_OBJC_ARC = YES;
				CLANG_WARN_BOOL_CONVERSION = YES;
				CLANG_WARN_CONSTANT_CONVERSION = YES;
				CLANG_WARN_DIRECT_OBJC_ISA_USAGE = YES_ERROR;
				CLANG_WARN_EMPTY_BODY = YES;
				CLANG_WARN_ENUM_CONVERSION = YES;
				CLANG_WARN_INT_CONVERSION = YES;
				CLANG_WARN_OBJC_ROOT_CLASS = YES_ERROR;
				CLANG_WARN__DUPLICATE_METHOD_MATCH = YES;
				"CODE_SIGN_IDENTITY[sdk=iphoneos*]" = "iPhone Developer";
				COPY_PHASE_STRIP = NO;
				GCC_C_LANGUAGE_STANDARD = gnu99;
				GCC_DYNAMIC_NO_PIC = NO;
				GCC_OPTIMIZATION_LEVEL = 0;
				GCC_PREPROCESSOR_DEFINITIONS = (
					"DEBUG=1",
					"$(inherited)",
				);
				GCC_SYMBOLS_PRIVATE_EXTERN = NO;
				GCC_WARN_64_TO_32_BIT_CONVERSION = YES;
				GCC_WARN_ABOUT_RETURN_TYPE = YES_ERROR;
				GCC_WARN_UNDECLARED_SELECTOR = YES;
				GCC_WARN_UNINITIALIZED_AUTOS = YES_AGGRESSIVE;
				GCC_WARN_UNUSED_FUNCTION = YES;
				GCC_WARN_UNUSED_VARIABLE = YES;
				IPHONEOS_DEPLOYMENT_TARGET = 7.1;
				ONLY_ACTIVE_ARCH = YES;
				SDKROOT = iphoneos;
			};
			name = Debug;
		};
		277477F1189A1ED800146FB4 /* Release */ = {
			isa = XCBuildConfiguration;
			buildSettings = {
				ALWAYS_SEARCH_USER_PATHS = NO;
				CLANG_CXX_LANGUAGE_STANDARD = "gnu++0x";
				CLANG_CXX_LIBRARY = "libc++";
				CLANG_ENABLE_MODULES = YES;
				CLANG_ENABLE_OBJC_ARC = YES;
				CLANG_WARN_BOOL_CONVERSION = YES;
				CLANG_WARN_CONSTANT_CONVERSION = YES;
				CLANG_WARN_DIRECT_OBJC_ISA_USAGE = YES_ERROR;
				CLANG_WARN_EMPTY_BODY = YES;
				CLANG_WARN_ENUM_CONVERSION = YES;
				CLANG_WARN_INT_CONVERSION = YES;
				CLANG_WARN_OBJC_ROOT_CLASS = YES_ERROR;
				CLANG_WARN__DUPLICATE_METHOD_MATCH = YES;
				"CODE_SIGN_IDENTITY[sdk=iphoneos*]" = "iPhone Developer";
				COPY_PHASE_STRIP = YES;
				ENABLE_NS_ASSERTIONS = NO;
				GCC_C_LANGUAGE_STANDARD = gnu99;
				GCC_WARN_64_TO_32_BIT_CONVERSION = YES;
				GCC_WARN_ABOUT_RETURN_TYPE = YES_ERROR;
				GCC_WARN_UNDECLARED_SELECTOR = YES;
				GCC_WARN_UNINITIALIZED_AUTOS = YES_AGGRESSIVE;
				GCC_WARN_UNUSED_FUNCTION = YES;
				GCC_WARN_UNUSED_VARIABLE = YES;
				IPHONEOS_DEPLOYMENT_TARGET = 7.1;
				SDKROOT = iphoneos;
				VALIDATE_PRODUCT = YES;
			};
			name = Release;
		};
		277477F3189A1ED800146FB4 /* Debug */ = {
			isa = XCBuildConfiguration;
			buildSettings = {
				ASSETCATALOG_COMPILER_APPICON_NAME = AppIcon;
				ASSETCATALOG_COMPILER_LAUNCHIMAGE_NAME = LaunchImage;
				CLANG_ENABLE_MODULES = YES;
				CODE_SIGN_IDENTITY = "iPhone Developer";
				"CODE_SIGN_IDENTITY[sdk=iphoneos*]" = "iPhone Developer";
				GCC_PRECOMPILE_PREFIX_HEADER = YES;
				GCC_PREFIX_HEADER = "Random User Generator/Fluky-Prefix.pch";
				INFOPLIST_FILE = "Random User Generator/Fluky-Info.plist";
				IPHONEOS_DEPLOYMENT_TARGET = 7.0;
				LD_RUNPATH_SEARCH_PATHS = "$(inherited) @executable_path/Frameworks";
				PRODUCT_NAME = Fluky;
				PROVISIONING_PROFILE = "";
				SWIFT_OBJC_BRIDGING_HEADER = "Random User Generator/Fluky-Bridging-Header.h";
				SWIFT_OPTIMIZATION_LEVEL = "-Onone";
				WRAPPER_EXTENSION = app;
			};
			name = Debug;
		};
		277477F4189A1ED800146FB4 /* Release */ = {
			isa = XCBuildConfiguration;
			buildSettings = {
				ASSETCATALOG_COMPILER_APPICON_NAME = AppIcon;
				ASSETCATALOG_COMPILER_LAUNCHIMAGE_NAME = LaunchImage;
				CLANG_ENABLE_MODULES = YES;
				CODE_SIGN_IDENTITY = "iPhone Developer";
				"CODE_SIGN_IDENTITY[sdk=iphoneos*]" = "iPhone Developer";
				GCC_PRECOMPILE_PREFIX_HEADER = YES;
				GCC_PREFIX_HEADER = "Random User Generator/Fluky-Prefix.pch";
				INFOPLIST_FILE = "Random User Generator/Fluky-Info.plist";
				IPHONEOS_DEPLOYMENT_TARGET = 7.0;
				LD_RUNPATH_SEARCH_PATHS = "$(inherited) @executable_path/Frameworks";
				PRODUCT_NAME = Fluky;
				PROVISIONING_PROFILE = "";
				SWIFT_OBJC_BRIDGING_HEADER = "Random User Generator/Fluky-Bridging-Header.h";
				WRAPPER_EXTENSION = app;
			};
			name = Release;
		};
		277477F6189A1ED800146FB4 /* Debug */ = {
			isa = XCBuildConfiguration;
			buildSettings = {
				BUNDLE_LOADER = "$(BUILT_PRODUCTS_DIR)/Random User Generator.app/Random User Generator";
				FRAMEWORK_SEARCH_PATHS = (
					"$(SDKROOT)/Developer/Library/Frameworks",
					"$(inherited)",
					"$(DEVELOPER_FRAMEWORKS_DIR)",
				);
				GCC_PRECOMPILE_PREFIX_HEADER = YES;
				GCC_PREFIX_HEADER = "Random User Generator/Random User Generator-Prefix.pch";
				GCC_PREPROCESSOR_DEFINITIONS = (
					"DEBUG=1",
					"$(inherited)",
				);
				INFOPLIST_FILE = "Random User GeneratorTests/FlukyTests-Info.plist";
				PRODUCT_NAME = FlukyTests;
				TEST_HOST = "$(BUNDLE_LOADER)";
				WRAPPER_EXTENSION = xctest;
			};
			name = Debug;
		};
		277477F7189A1ED800146FB4 /* Release */ = {
			isa = XCBuildConfiguration;
			buildSettings = {
				BUNDLE_LOADER = "$(BUILT_PRODUCTS_DIR)/Random User Generator.app/Random User Generator";
				FRAMEWORK_SEARCH_PATHS = (
					"$(SDKROOT)/Developer/Library/Frameworks",
					"$(inherited)",
					"$(DEVELOPER_FRAMEWORKS_DIR)",
				);
				GCC_PRECOMPILE_PREFIX_HEADER = YES;
				GCC_PREFIX_HEADER = "Random User Generator/Random User Generator-Prefix.pch";
				INFOPLIST_FILE = "Random User GeneratorTests/FlukyTests-Info.plist";
				PRODUCT_NAME = FlukyTests;
				TEST_HOST = "$(BUNDLE_LOADER)";
				WRAPPER_EXTENSION = xctest;
			};
			name = Release;
		};
/* End XCBuildConfiguration section */

/* Begin XCConfigurationList section */
		277477BB189A1ED800146FB4 /* Build configuration list for PBXProject "Fluky" */ = {
			isa = XCConfigurationList;
			buildConfigurations = (
				277477F0189A1ED800146FB4 /* Debug */,
				277477F1189A1ED800146FB4 /* Release */,
			);
			defaultConfigurationIsVisible = 0;
			defaultConfigurationName = Release;
		};
		277477F2189A1ED800146FB4 /* Build configuration list for PBXNativeTarget "Fluky" */ = {
			isa = XCConfigurationList;
			buildConfigurations = (
				277477F3189A1ED800146FB4 /* Debug */,
				277477F4189A1ED800146FB4 /* Release */,
			);
			defaultConfigurationIsVisible = 0;
			defaultConfigurationName = Release;
		};
		277477F5189A1ED800146FB4 /* Build configuration list for PBXNativeTarget "FlukyTests" */ = {
			isa = XCConfigurationList;
			buildConfigurations = (
				277477F6189A1ED800146FB4 /* Debug */,
				277477F7189A1ED800146FB4 /* Release */,
			);
			defaultConfigurationIsVisible = 0;
			defaultConfigurationName = Release;
		};
/* End XCConfigurationList section */

/* Begin XCVersionGroup section */
		277477D7189A1ED800146FB4 /* Random_User_Generator.xcdatamodeld */ = {
			isa = XCVersionGroup;
			children = (
				277477D8189A1ED800146FB4 /* Random_User_Generator.xcdatamodel */,
			);
			currentVersion = 277477D8189A1ED800146FB4 /* Random_User_Generator.xcdatamodel */;
			path = Random_User_Generator.xcdatamodeld;
			sourceTree = "<group>";
			versionGroupType = wrapper.xcdatamodel;
		};
/* End XCVersionGroup section */
	};
	rootObject = 277477B8189A1ED800146FB4 /* Project object */;
}
