// !$*UTF8*$!
{
	archiveVersion = 1;
	classes = {
	};
	objectVersion = 46;
	objects = {

/* Begin PBXBuildFile section */
		277477C4189A1ED800146FB4 /* Foundation.framework in Frameworks */ = {isa = PBXBuildFile; fileRef = 277477C3189A1ED800146FB4 /* Foundation.framework */; };
		277477C6189A1ED800146FB4 /* CoreGraphics.framework in Frameworks */ = {isa = PBXBuildFile; fileRef = 277477C5189A1ED800146FB4 /* CoreGraphics.framework */; };
		277477C8189A1ED800146FB4 /* UIKit.framework in Frameworks */ = {isa = PBXBuildFile; fileRef = 277477C7189A1ED800146FB4 /* UIKit.framework */; };
		277477CA189A1ED800146FB4 /* CoreData.framework in Frameworks */ = {isa = PBXBuildFile; fileRef = 277477C9189A1ED800146FB4 /* CoreData.framework */; };
		277477D0189A1ED800146FB4 /* InfoPlist.strings in Resources */ = {isa = PBXBuildFile; fileRef = 277477CE189A1ED800146FB4 /* InfoPlist.strings */; };
		277477D2189A1ED800146FB4 /* main.m in Sources */ = {isa = PBXBuildFile; fileRef = 277477D1189A1ED800146FB4 /* main.m */; };
		277477D6189A1ED800146FB4 /* AppDelegate.m in Sources */ = {isa = PBXBuildFile; fileRef = 277477D5189A1ED800146FB4 /* AppDelegate.m */; };
		277477D9189A1ED800146FB4 /* Random_User_Generator.xcdatamodeld in Sources */ = {isa = PBXBuildFile; fileRef = 277477D7189A1ED800146FB4 /* Random_User_Generator.xcdatamodeld */; };
		277477DB189A1ED800146FB4 /* Images.xcassets in Resources */ = {isa = PBXBuildFile; fileRef = 277477DA189A1ED800146FB4 /* Images.xcassets */; };
		277477E2189A1ED800146FB4 /* XCTest.framework in Frameworks */ = {isa = PBXBuildFile; fileRef = 277477E1189A1ED800146FB4 /* XCTest.framework */; };
		277477E3189A1ED800146FB4 /* Foundation.framework in Frameworks */ = {isa = PBXBuildFile; fileRef = 277477C3189A1ED800146FB4 /* Foundation.framework */; };
		277477E4189A1ED800146FB4 /* UIKit.framework in Frameworks */ = {isa = PBXBuildFile; fileRef = 277477C7189A1ED800146FB4 /* UIKit.framework */; };
		277477E5189A1ED800146FB4 /* CoreData.framework in Frameworks */ = {isa = PBXBuildFile; fileRef = 277477C9189A1ED800146FB4 /* CoreData.framework */; };
		277477ED189A1ED800146FB4 /* InfoPlist.strings in Resources */ = {isa = PBXBuildFile; fileRef = 277477EB189A1ED800146FB4 /* InfoPlist.strings */; };
		277477EF189A1ED800146FB4 /* Random_User_GeneratorTests.m in Sources */ = {isa = PBXBuildFile; fileRef = 277477EE189A1ED800146FB4 /* Random_User_GeneratorTests.m */; };
		277477F9189A1F0300146FB4 /* Main.storyboard in Resources */ = {isa = PBXBuildFile; fileRef = 277477F8189A1F0300146FB4 /* Main.storyboard */; };
		277477FC189A1F6800146FB4 /* GeneratedUsersTableView.m in Sources */ = {isa = PBXBuildFile; fileRef = 277477FB189A1F6800146FB4 /* GeneratedUsersTableView.m */; };
		27747801189A200C00146FB4 /* RandomlyGeneratedUser.m in Sources */ = {isa = PBXBuildFile; fileRef = 27747800189A200C00146FB4 /* RandomlyGeneratedUser.m */; };
		27747804189A211900146FB4 /* UserTableViewCell.m in Sources */ = {isa = PBXBuildFile; fileRef = 27747803189A211900146FB4 /* UserTableViewCell.m */; };
		27747808189A23B900146FB4 /* placeholder.png in Resources */ = {isa = PBXBuildFile; fileRef = 27747806189A23B900146FB4 /* placeholder.png */; };
		27747809189A23B900146FB4 /* placeholder@2x.png in Resources */ = {isa = PBXBuildFile; fileRef = 27747807189A23B900146FB4 /* placeholder@2x.png */; };
		2774780D189A281600146FB4 /* More.png in Resources */ = {isa = PBXBuildFile; fileRef = 2774780B189A281600146FB4 /* More.png */; };
		2774780E189A281600146FB4 /* More@2x.png in Resources */ = {isa = PBXBuildFile; fileRef = 2774780C189A281600146FB4 /* More@2x.png */; };
		BE972F2DED7C4687B37FEABA /* libPods.a in Frameworks */ = {isa = PBXBuildFile; fileRef = ED08E274A3964C21BB41A3A9 /* libPods.a */; };
/* End PBXBuildFile section */

/* Begin PBXContainerItemProxy section */
		277477E6189A1ED800146FB4 /* PBXContainerItemProxy */ = {
			isa = PBXContainerItemProxy;
			containerPortal = 277477B8189A1ED800146FB4 /* Project object */;
			proxyType = 1;
			remoteGlobalIDString = 277477BF189A1ED800146FB4;
			remoteInfo = "Random User Generator";
		};
/* End PBXContainerItemProxy section */

/* Begin PBXFileReference section */
		277477C0189A1ED800146FB4 /* Fluky.app */ = {isa = PBXFileReference; explicitFileType = wrapper.application; includeInIndex = 0; path = Fluky.app; sourceTree = BUILT_PRODUCTS_DIR; };
		277477C3189A1ED800146FB4 /* Foundation.framework */ = {isa = PBXFileReference; lastKnownFileType = wrapper.framework; name = Foundation.framework; path = System/Library/Frameworks/Foundation.framework; sourceTree = SDKROOT; };
		277477C5189A1ED800146FB4 /* CoreGraphics.framework */ = {isa = PBXFileReference; lastKnownFileType = wrapper.framework; name = CoreGraphics.framework; path = System/Library/Frameworks/CoreGraphics.framework; sourceTree = SDKROOT; };
		277477C7189A1ED800146FB4 /* UIKit.framework */ = {isa = PBXFileReference; lastKnownFileType = wrapper.framework; name = UIKit.framework; path = System/Library/Frameworks/UIKit.framework; sourceTree = SDKROOT; };
		277477C9189A1ED800146FB4 /* CoreData.framework */ = {isa = PBXFileReference; lastKnownFileType = wrapper.framework; name = CoreData.framework; path = System/Library/Frameworks/CoreData.framework; sourceTree = SDKROOT; };
		277477CD189A1ED800146FB4 /* Fluky-Info.plist */ = {isa = PBXFileReference; lastKnownFileType = text.plist.xml; path = "Fluky-Info.plist"; sourceTree = "<group>"; };
		277477CF189A1ED800146FB4 /* en */ = {isa = PBXFileReference; lastKnownFileType = text.plist.strings; name = en; path = en.lproj/InfoPlist.strings; sourceTree = "<group>"; };
		277477D1189A1ED800146FB4 /* main.m */ = {isa = PBXFileReference; lastKnownFileType = sourcecode.c.objc; path = main.m; sourceTree = "<group>"; };
		277477D3189A1ED800146FB4 /* Fluky-Prefix.pch */ = {isa = PBXFileReference; lastKnownFileType = sourcecode.c.h; path = "Fluky-Prefix.pch"; sourceTree = "<group>"; };
		277477D4189A1ED800146FB4 /* AppDelegate.h */ = {isa = PBXFileReference; lastKnownFileType = sourcecode.c.h; path = AppDelegate.h; sourceTree = "<group>"; };
		277477D5189A1ED800146FB4 /* AppDelegate.m */ = {isa = PBXFileReference; lastKnownFileType = sourcecode.c.objc; path = AppDelegate.m; sourceTree = "<group>"; };
		277477D8189A1ED800146FB4 /* Random_User_Generator.xcdatamodel */ = {isa = PBXFileReference; lastKnownFileType = wrapper.xcdatamodel; path = Random_User_Generator.xcdatamodel; sourceTree = "<group>"; };
		277477DA189A1ED800146FB4 /* Images.xcassets */ = {isa = PBXFileReference; lastKnownFileType = folder.assetcatalog; path = Images.xcassets; sourceTree = "<group>"; };
		277477E0189A1ED800146FB4 /* FlukyTests.xctest */ = {isa = PBXFileReference; explicitFileType = wrapper.cfbundle; includeInIndex = 0; path = FlukyTests.xctest; sourceTree = BUILT_PRODUCTS_DIR; };
		277477E1189A1ED800146FB4 /* XCTest.framework */ = {isa = PBXFileReference; lastKnownFileType = wrapper.framework; name = XCTest.framework; path = Library/Frameworks/XCTest.framework; sourceTree = DEVELOPER_DIR; };
		277477EA189A1ED800146FB4 /* FlukyTests-Info.plist */ = {isa = PBXFileReference; lastKnownFileType = text.plist.xml; path = "FlukyTests-Info.plist"; sourceTree = "<group>"; };
		277477EC189A1ED800146FB4 /* en */ = {isa = PBXFileReference; lastKnownFileType = text.plist.strings; name = en; path = en.lproj/InfoPlist.strings; sourceTree = "<group>"; };
		277477EE189A1ED800146FB4 /* Random_User_GeneratorTests.m */ = {isa = PBXFileReference; lastKnownFileType = sourcecode.c.objc; path = Random_User_GeneratorTests.m; sourceTree = "<group>"; };
		277477F8189A1F0300146FB4 /* Main.storyboard */ = {isa = PBXFileReference; fileEncoding = 4; lastKnownFileType = file.storyboard; name = Main.storyboard; path = ../Main.storyboard; sourceTree = "<group>"; };
		277477FA189A1F6800146FB4 /* GeneratedUsersTableView.h */ = {isa = PBXFileReference; fileEncoding = 4; lastKnownFileType = sourcecode.c.h; name = GeneratedUsersTableView.h; path = Controllers/GeneratedUsersTableView.h; sourceTree = "<group>"; };
		277477FB189A1F6800146FB4 /* GeneratedUsersTableView.m */ = {isa = PBXFileReference; fileEncoding = 4; lastKnownFileType = sourcecode.c.objc; name = GeneratedUsersTableView.m; path = Controllers/GeneratedUsersTableView.m; sourceTree = "<group>"; };
		277477FF189A200C00146FB4 /* RandomlyGeneratedUser.h */ = {isa = PBXFileReference; fileEncoding = 4; lastKnownFileType = sourcecode.c.h; name = RandomlyGeneratedUser.h; path = Models/RandomlyGeneratedUser.h; sourceTree = "<group>"; };
		27747800189A200C00146FB4 /* RandomlyGeneratedUser.m */ = {isa = PBXFileReference; fileEncoding = 4; lastKnownFileType = sourcecode.c.objc; name = RandomlyGeneratedUser.m; path = Models/RandomlyGeneratedUser.m; sourceTree = "<group>"; };
		27747802189A211900146FB4 /* UserTableViewCell.h */ = {isa = PBXFileReference; fileEncoding = 4; lastKnownFileType = sourcecode.c.h; name = UserTableViewCell.h; path = Models/UserTableViewCell.h; sourceTree = "<group>"; };
		27747803189A211900146FB4 /* UserTableViewCell.m */ = {isa = PBXFileReference; fileEncoding = 4; lastKnownFileType = sourcecode.c.objc; name = UserTableViewCell.m; path = Models/UserTableViewCell.m; sourceTree = "<group>"; };
		27747806189A23B900146FB4 /* placeholder.png */ = {isa = PBXFileReference; lastKnownFileType = image.png; path = placeholder.png; sourceTree = "<group>"; };
		27747807189A23B900146FB4 /* placeholder@2x.png */ = {isa = PBXFileReference; lastKnownFileType = image.png; path = "placeholder@2x.png"; sourceTree = "<group>"; };
		2774780B189A281600146FB4 /* More.png */ = {isa = PBXFileReference; lastKnownFileType = image.png; path = More.png; sourceTree = "<group>"; };
		2774780C189A281600146FB4 /* More@2x.png */ = {isa = PBXFileReference; lastKnownFileType = image.png; path = "More@2x.png"; sourceTree = "<group>"; };
		6893DA4108D44362A0AFFE45 /* Pods.xcconfig */ = {isa = PBXFileReference; includeInIndex = 1; lastKnownFileType = text.xcconfig; name = Pods.xcconfig; path = Pods/Pods.xcconfig; sourceTree = "<group>"; };
		ED08E274A3964C21BB41A3A9 /* libPods.a */ = {isa = PBXFileReference; explicitFileType = archive.ar; includeInIndex = 0; path = libPods.a; sourceTree = BUILT_PRODUCTS_DIR; };
/* End PBXFileReference section */

/* Begin PBXFrameworksBuildPhase section */
		277477BD189A1ED800146FB4 /* Frameworks */ = {
			isa = PBXFrameworksBuildPhase;
			buildActionMask = 2147483647;
			files = (
				277477C6189A1ED800146FB4 /* CoreGraphics.framework in Frameworks */,
				277477CA189A1ED800146FB4 /* CoreData.framework in Frameworks */,
				277477C8189A1ED800146FB4 /* UIKit.framework in Frameworks */,
				277477C4189A1ED800146FB4 /* Foundation.framework in Frameworks */,
				BE972F2DED7C4687B37FEABA /* libPods.a in Frameworks */,
			);
			runOnlyForDeploymentPostprocessing = 0;
		};
		277477DD189A1ED800146FB4 /* Frameworks */ = {
			isa = PBXFrameworksBuildPhase;
			buildActionMask = 2147483647;
			files = (
				277477E2189A1ED800146FB4 /* XCTest.framework in Frameworks */,
				277477E5189A1ED800146FB4 /* CoreData.framework in Frameworks */,
				277477E4189A1ED800146FB4 /* UIKit.framework in Frameworks */,
				277477E3189A1ED800146FB4 /* Foundation.framework in Frameworks */,
			);
			runOnlyForDeploymentPostprocessing = 0;
		};
/* End PBXFrameworksBuildPhase section */

/* Begin PBXGroup section */
		277477B7189A1ED800146FB4 = {
			isa = PBXGroup;
			children = (
				277477CB189A1ED800146FB4 /* Random User Generator */,
				277477CC189A1ED800146FB4 /* Supporting Files */,
				277477E8189A1ED800146FB4 /* Random User GeneratorTests */,
				277477C2189A1ED800146FB4 /* Frameworks */,
				277477C1189A1ED800146FB4 /* Products */,
				6893DA4108D44362A0AFFE45 /* Pods.xcconfig */,
			);
			sourceTree = "<group>";
		};
		277477C1189A1ED800146FB4 /* Products */ = {
			isa = PBXGroup;
			children = (
				277477C0189A1ED800146FB4 /* Fluky.app */,
				277477E0189A1ED800146FB4 /* FlukyTests.xctest */,
			);
			name = Products;
			sourceTree = "<group>";
		};
		277477C2189A1ED800146FB4 /* Frameworks */ = {
			isa = PBXGroup;
			children = (
				277477C3189A1ED800146FB4 /* Foundation.framework */,
				277477C5189A1ED800146FB4 /* CoreGraphics.framework */,
				277477C7189A1ED800146FB4 /* UIKit.framework */,
				277477C9189A1ED800146FB4 /* CoreData.framework */,
				277477E1189A1ED800146FB4 /* XCTest.framework */,
				ED08E274A3964C21BB41A3A9 /* libPods.a */,
			);
			name = Frameworks;
			sourceTree = "<group>";
		};
		277477CB189A1ED800146FB4 /* Random User Generator */ = {
			isa = PBXGroup;
			children = (
				27747805189A23B200146FB4 /* Images */,
				277477F8189A1F0300146FB4 /* Main.storyboard */,
				277477FE189A1F7E00146FB4 /* Models */,
				277477FD189A1F6C00146FB4 /* Controllers */,
				277477D4189A1ED800146FB4 /* AppDelegate.h */,
				277477D5189A1ED800146FB4 /* AppDelegate.m */,
				277477DA189A1ED800146FB4 /* Images.xcassets */,
				277477D7189A1ED800146FB4 /* Random_User_Generator.xcdatamodeld */,
			);
			path = "Random User Generator";
			sourceTree = "<group>";
		};
		277477CC189A1ED800146FB4 /* Supporting Files */ = {
			isa = PBXGroup;
			children = (
				277477CD189A1ED800146FB4 /* Fluky-Info.plist */,
				277477CE189A1ED800146FB4 /* InfoPlist.strings */,
				277477D1189A1ED800146FB4 /* main.m */,
				277477D3189A1ED800146FB4 /* Fluky-Prefix.pch */,
			);
			name = "Supporting Files";
			path = "Random User Generator";
			sourceTree = "<group>";
		};
		277477E8189A1ED800146FB4 /* Random User GeneratorTests */ = {
			isa = PBXGroup;
			children = (
				277477EE189A1ED800146FB4 /* Random_User_GeneratorTests.m */,
				277477E9189A1ED800146FB4 /* Supporting Files */,
			);
			path = "Random User GeneratorTests";
			sourceTree = "<group>";
		};
		277477E9189A1ED800146FB4 /* Supporting Files */ = {
			isa = PBXGroup;
			children = (
				277477EA189A1ED800146FB4 /* FlukyTests-Info.plist */,
				277477EB189A1ED800146FB4 /* InfoPlist.strings */,
			);
			name = "Supporting Files";
			sourceTree = "<group>";
		};
		277477FD189A1F6C00146FB4 /* Controllers */ = {
			isa = PBXGroup;
			children = (
				277477FA189A1F6800146FB4 /* GeneratedUsersTableView.h */,
				277477FB189A1F6800146FB4 /* GeneratedUsersTableView.m */,
			);
			name = Controllers;
			sourceTree = "<group>";
		};
		277477FE189A1F7E00146FB4 /* Models */ = {
			isa = PBXGroup;
			children = (
				277477FF189A200C00146FB4 /* RandomlyGeneratedUser.h */,
				27747800189A200C00146FB4 /* RandomlyGeneratedUser.m */,
				27747802189A211900146FB4 /* UserTableViewCell.h */,
				27747803189A211900146FB4 /* UserTableViewCell.m */,
			);
			name = Models;
			sourceTree = "<group>";
		};
		27747805189A23B200146FB4 /* Images */ = {
			isa = PBXGroup;
			children = (
				2774780A189A27FC00146FB4 /* Buttons */,
				27747806189A23B900146FB4 /* placeholder.png */,
				27747807189A23B900146FB4 /* placeholder@2x.png */,
			);
			name = Images;
			sourceTree = "<group>";
		};
		2774780A189A27FC00146FB4 /* Buttons */ = {
			isa = PBXGroup;
			children = (
				2774780B189A281600146FB4 /* More.png */,
				2774780C189A281600146FB4 /* More@2x.png */,
			);
			name = Buttons;
			sourceTree = "<group>";
		};
/* End PBXGroup section */

/* Begin PBXNativeTarget section */
		277477BF189A1ED800146FB4 /* Fluky */ = {
			isa = PBXNativeTarget;
			buildConfigurationList = 277477F2189A1ED800146FB4 /* Build configuration list for PBXNativeTarget "Fluky" */;
			buildPhases = (
				E960B06D4B43474DBA9634B3 /* Check Pods Manifest.lock */,
				277477BC189A1ED800146FB4 /* Sources */,
				277477BD189A1ED800146FB4 /* Frameworks */,
				277477BE189A1ED800146FB4 /* Resources */,
				38C61EC91170408DB20A3785 /* Copy Pods Resources */,
			);
			buildRules = (
			);
			dependencies = (
			);
			name = Fluky;
			productName = "Random User Generator";
			productReference = 277477C0189A1ED800146FB4 /* Fluky.app */;
			productType = "com.apple.product-type.application";
		};
		277477DF189A1ED800146FB4 /* FlukyTests */ = {
			isa = PBXNativeTarget;
			buildConfigurationList = 277477F5189A1ED800146FB4 /* Build configuration list for PBXNativeTarget "FlukyTests" */;
			buildPhases = (
				277477DC189A1ED800146FB4 /* Sources */,
				277477DD189A1ED800146FB4 /* Frameworks */,
				277477DE189A1ED800146FB4 /* Resources */,
			);
			buildRules = (
			);
			dependencies = (
				277477E7189A1ED800146FB4 /* PBXTargetDependency */,
			);
			name = FlukyTests;
			productName = "Random User GeneratorTests";
			productReference = 277477E0189A1ED800146FB4 /* FlukyTests.xctest */;
			productType = "com.apple.product-type.bundle.unit-test";
		};
/* End PBXNativeTarget section */

/* Begin PBXProject section */
		277477B8189A1ED800146FB4 /* Project object */ = {
			isa = PBXProject;
			attributes = {
				LastUpgradeCheck = 0510;
				ORGANIZATIONNAME = PolaritySoftware;
				TargetAttributes = {
					277477BF189A1ED800146FB4 = {
						DevelopmentTeam = T8NWKW43JH;
					};
					277477DF189A1ED800146FB4 = {
						TestTargetID = 277477BF189A1ED800146FB4;
					};
				};
			};
			buildConfigurationList = 277477BB189A1ED800146FB4 /* Build configuration list for PBXProject "Fluky" */;
			compatibilityVersion = "Xcode 3.2";
			developmentRegion = English;
			hasScannedForEncodings = 0;
			knownRegions = (
				en,
			);
			mainGroup = 277477B7189A1ED800146FB4;
			productRefGroup = 277477C1189A1ED800146FB4 /* Products */;
			projectDirPath = "";
			projectRoot = "";
			targets = (
				277477BF189A1ED800146FB4 /* Fluky */,
				277477DF189A1ED800146FB4 /* FlukyTests */,
			);
		};
/* End PBXProject section */

/* Begin PBXResourcesBuildPhase section */
		277477BE189A1ED800146FB4 /* Resources */ = {
			isa = PBXResourcesBuildPhase;
			buildActionMask = 2147483647;
			files = (
				2774780D189A281600146FB4 /* More.png in Resources */,
				27747809189A23B900146FB4 /* placeholder@2x.png in Resources */,
				277477D0189A1ED800146FB4 /* InfoPlist.strings in Resources */,
				2774780E189A281600146FB4 /* More@2x.png in Resources */,
				27747808189A23B900146FB4 /* placeholder.png in Resources */,
				277477DB189A1ED800146FB4 /* Images.xcassets in Resources */,
				277477F9189A1F0300146FB4 /* Main.storyboard in Resources */,
			);
			runOnlyForDeploymentPostprocessing = 0;
		};
		277477DE189A1ED800146FB4 /* Resources */ = {
			isa = PBXResourcesBuildPhase;
			buildActionMask = 2147483647;
			files = (
				277477ED189A1ED800146FB4 /* InfoPlist.strings in Resources */,
			);
			runOnlyForDeploymentPostprocessing = 0;
		};
/* End PBXResourcesBuildPhase section */

/* Begin PBXShellScriptBuildPhase section */
		38C61EC91170408DB20A3785 /* Copy Pods Resources */ = {
			isa = PBXShellScriptBuildPhase;
			buildActionMask = 2147483647;
			files = (
			);
			inputPaths = (
			);
			name = "Copy Pods Resources";
			outputPaths = (
			);
			runOnlyForDeploymentPostprocessing = 0;
			shellPath = /bin/sh;
			shellScript = "\"${SRCROOT}/Pods/Pods-resources.sh\"\n";
			showEnvVarsInLog = 0;
		};
		E960B06D4B43474DBA9634B3 /* Check Pods Manifest.lock */ = {
			isa = PBXShellScriptBuildPhase;
			buildActionMask = 2147483647;
			files = (
			);
			inputPaths = (
			);
			name = "Check Pods Manifest.lock";
			outputPaths = (
			);
			runOnlyForDeploymentPostprocessing = 0;
			shellPath = /bin/sh;
			shellScript = "diff \"${PODS_ROOT}/../Podfile.lock\" \"${PODS_ROOT}/Manifest.lock\" > /dev/null\nif [[ $? != 0 ]] ; then\n    cat << EOM\nerror: The sandbox is not in sync with the Podfile.lock. Run 'pod install' or update your CocoaPods installation.\nEOM\n    exit 1\nfi\n";
			showEnvVarsInLog = 0;
		};
/* End PBXShellScriptBuildPhase section */

/* Begin PBXSourcesBuildPhase section */
		277477BC189A1ED800146FB4 /* Sources */ = {
			isa = PBXSourcesBuildPhase;
			buildActionMask = 2147483647;
			files = (
				27747801189A200C00146FB4 /* RandomlyGeneratedUser.m in Sources */,
				277477FC189A1F6800146FB4 /* GeneratedUsersTableView.m in Sources */,
				27747804189A211900146FB4 /* UserTableViewCell.m in Sources */,
				277477D6189A1ED800146FB4 /* AppDelegate.m in Sources */,
				277477D9189A1ED800146FB4 /* Random_User_Generator.xcdatamodeld in Sources */,
				277477D2189A1ED800146FB4 /* main.m in Sources */,
			);
			runOnlyForDeploymentPostprocessing = 0;
		};
		277477DC189A1ED800146FB4 /* Sources */ = {
			isa = PBXSourcesBuildPhase;
			buildActionMask = 2147483647;
			files = (
				277477EF189A1ED800146FB4 /* Random_User_GeneratorTests.m in Sources */,
			);
			runOnlyForDeploymentPostprocessing = 0;
		};
/* End PBXSourcesBuildPhase section */

/* Begin PBXTargetDependency section */
		277477E7189A1ED800146FB4 /* PBXTargetDependency */ = {
			isa = PBXTargetDependency;
			target = 277477BF189A1ED800146FB4 /* Fluky */;
			targetProxy = 277477E6189A1ED800146FB4 /* PBXContainerItemProxy */;
		};
/* End PBXTargetDependency section */

/* Begin PBXVariantGroup section */
		277477CE189A1ED800146FB4 /* InfoPlist.strings */ = {
			isa = PBXVariantGroup;
			children = (
				277477CF189A1ED800146FB4 /* en */,
			);
			name = InfoPlist.strings;
			sourceTree = "<group>";
		};
		277477EB189A1ED800146FB4 /* InfoPlist.strings */ = {
			isa = PBXVariantGroup;
			children = (
				277477EC189A1ED800146FB4 /* en */,
			);
			name = InfoPlist.strings;
			sourceTree = "<group>";
		};
/* End PBXVariantGroup section */

/* Begin XCBuildConfiguration section */
		277477F0189A1ED800146FB4 /* Debug */ = {
			isa = XCBuildConfiguration;
			buildSettings = {
				ALWAYS_SEARCH_USER_PATHS = NO;
				CLANG_CXX_LANGUAGE_STANDARD = "gnu++0x";
				CLANG_CXX_LIBRARY = "libc++";
				CLANG_ENABLE_MODULES = YES;
				CLANG_ENABLE_OBJC_ARC = YES;
				CLANG_WARN_BOOL_CONVERSION = YES;
				CLANG_WARN_CONSTANT_CONVERSION = YES;
				CLANG_WARN_DIRECT_OBJC_ISA_USAGE = YES_ERROR;
				CLANG_WARN_EMPTY_BODY = YES;
				CLANG_WARN_ENUM_CONVERSION = YES;
				CLANG_WARN_INT_CONVERSION = YES;
				CLANG_WARN_OBJC_ROOT_CLASS = YES_ERROR;
				CLANG_WARN__DUPLICATE_METHOD_MATCH = YES;
				"CODE_SIGN_IDENTITY[sdk=iphoneos*]" = "iPhone Developer";
				COPY_PHASE_STRIP = NO;
				GCC_C_LANGUAGE_STANDARD = gnu99;
				GCC_DYNAMIC_NO_PIC = NO;
				GCC_OPTIMIZATION_LEVEL = 0;
				GCC_PREPROCESSOR_DEFINITIONS = (
					"DEBUG=1",
					"$(inherited)",
				);
				GCC_SYMBOLS_PRIVATE_EXTERN = NO;
				GCC_WARN_64_TO_32_BIT_CONVERSION = YES;
				GCC_WARN_ABOUT_RETURN_TYPE = YES_ERROR;
				GCC_WARN_UNDECLARED_SELECTOR = YES;
				GCC_WARN_UNINITIALIZED_AUTOS = YES_AGGRESSIVE;
				GCC_WARN_UNUSED_FUNCTION = YES;
				GCC_WARN_UNUSED_VARIABLE = YES;
				IPHONEOS_DEPLOYMENT_TARGET = 7.1;
				ONLY_ACTIVE_ARCH = YES;
				SDKROOT = iphoneos;
			};
			name = Debug;
		};
		277477F1189A1ED800146FB4 /* Release */ = {
			isa = XCBuildConfiguration;
			buildSettings = {
				ALWAYS_SEARCH_USER_PATHS = NO;
				CLANG_CXX_LANGUAGE_STANDARD = "gnu++0x";
				CLANG_CXX_LIBRARY = "libc++";
				CLANG_ENABLE_MODULES = YES;
				CLANG_ENABLE_OBJC_ARC = YES;
				CLANG_WARN_BOOL_CONVERSION = YES;
				CLANG_WARN_CONSTANT_CONVERSION = YES;
				CLANG_WARN_DIRECT_OBJC_ISA_USAGE = YES_ERROR;
				CLANG_WARN_EMPTY_BODY = YES;
				CLANG_WARN_ENUM_CONVERSION = YES;
				CLANG_WARN_INT_CONVERSION = YES;
				CLANG_WARN_OBJC_ROOT_CLASS = YES_ERROR;
				CLANG_WARN__DUPLICATE_METHOD_MATCH = YES;
				"CODE_SIGN_IDENTITY[sdk=iphoneos*]" = "iPhone Developer";
				COPY_PHASE_STRIP = YES;
				ENABLE_NS_ASSERTIONS = NO;
				GCC_C_LANGUAGE_STANDARD = gnu99;
				GCC_WARN_64_TO_32_BIT_CONVERSION = YES;
				GCC_WARN_ABOUT_RETURN_TYPE = YES_ERROR;
				GCC_WARN_UNDECLARED_SELECTOR = YES;
				GCC_WARN_UNINITIALIZED_AUTOS = YES_AGGRESSIVE;
				GCC_WARN_UNUSED_FUNCTION = YES;
				GCC_WARN_UNUSED_VARIABLE = YES;
				IPHONEOS_DEPLOYMENT_TARGET = 7.1;
				SDKROOT = iphoneos;
				VALIDATE_PRODUCT = YES;
			};
			name = Release;
		};
		277477F3189A1ED800146FB4 /* Debug */ = {
			isa = XCBuildConfiguration;
			baseConfigurationReference = 6893DA4108D44362A0AFFE45 /* Pods.xcconfig */;
			buildSettings = {
				ASSETCATALOG_COMPILER_APPICON_NAME = AppIcon;
				ASSETCATALOG_COMPILER_LAUNCHIMAGE_NAME = LaunchImage;
				CODE_SIGN_IDENTITY = "iPhone Developer";
				GCC_PRECOMPILE_PREFIX_HEADER = YES;
				GCC_PREFIX_HEADER = "Random User Generator/Fluky-Prefix.pch";
				INFOPLIST_FILE = "Random User Generator/Fluky-Info.plist";
				PRODUCT_NAME = Fluky;
				WRAPPER_EXTENSION = app;
			};
			name = Debug;
		};
		277477F4189A1ED800146FB4 /* Release */ = {
			isa = XCBuildConfiguration;
			baseConfigurationReference = 6893DA4108D44362A0AFFE45 /* Pods.xcconfig */;
			buildSettings = {
				ASSETCATALOG_COMPILER_APPICON_NAME = AppIcon;
				ASSETCATALOG_COMPILER_LAUNCHIMAGE_NAME = LaunchImage;
				CODE_SIGN_IDENTITY = "iPhone Developer";
				GCC_PRECOMPILE_PREFIX_HEADER = YES;
				GCC_PREFIX_HEADER = "Random User Generator/Fluky-Prefix.pch";
				INFOPLIST_FILE = "Random User Generator/Fluky-Info.plist";
				PRODUCT_NAME = Fluky;
				WRAPPER_EXTENSION = app;
			};
			name = Release;
		};
		277477F6189A1ED800146FB4 /* Debug */ = {
			isa = XCBuildConfiguration;
			buildSettings = {
				BUNDLE_LOADER = "$(BUILT_PRODUCTS_DIR)/Random User Generator.app/Random User Generator";
				FRAMEWORK_SEARCH_PATHS = (
					"$(SDKROOT)/Developer/Library/Frameworks",
					"$(inherited)",
					"$(DEVELOPER_FRAMEWORKS_DIR)",
				);
				GCC_PRECOMPILE_PREFIX_HEADER = YES;
				GCC_PREFIX_HEADER = "Random User Generator/Random User Generator-Prefix.pch";
				GCC_PREPROCESSOR_DEFINITIONS = (
					"DEBUG=1",
					"$(inherited)",
				);
				INFOPLIST_FILE = "Random User GeneratorTests/FlukyTests-Info.plist";
				PRODUCT_NAME = FlukyTests;
				TEST_HOST = "$(BUNDLE_LOADER)";
				WRAPPER_EXTENSION = xctest;
			};
			name = Debug;
		};
		277477F7189A1ED800146FB4 /* Release */ = {
			isa = XCBuildConfiguration;
			buildSettings = {
				BUNDLE_LOADER = "$(BUILT_PRODUCTS_DIR)/Random User Generator.app/Random User Generator";
				FRAMEWORK_SEARCH_PATHS = (
					"$(SDKROOT)/Developer/Library/Frameworks",
					"$(inherited)",
					"$(DEVELOPER_FRAMEWORKS_DIR)",
				);
				GCC_PRECOMPILE_PREFIX_HEADER = YES;
				GCC_PREFIX_HEADER = "Random User Generator/Random User Generator-Prefix.pch";
				INFOPLIST_FILE = "Random User GeneratorTests/FlukyTests-Info.plist";
				PRODUCT_NAME = FlukyTests;
				TEST_HOST = "$(BUNDLE_LOADER)";
				WRAPPER_EXTENSION = xctest;
			};
			name = Release;
		};
/* End XCBuildConfiguration section */

/* Begin XCConfigurationList section */
		277477BB189A1ED800146FB4 /* Build configuration list for PBXProject "Fluky" */ = {
			isa = XCConfigurationList;
			buildConfigurations = (
				277477F0189A1ED800146FB4 /* Debug */,
				277477F1189A1ED800146FB4 /* Release */,
			);
			defaultConfigurationIsVisible = 0;
			defaultConfigurationName = Release;
		};
		277477F2189A1ED800146FB4 /* Build configuration list for PBXNativeTarget "Fluky" */ = {
			isa = XCConfigurationList;
			buildConfigurations = (
				277477F3189A1ED800146FB4 /* Debug */,
				277477F4189A1ED800146FB4 /* Release */,
			);
			defaultConfigurationIsVisible = 0;
			defaultConfigurationName = Release;
		};
		277477F5189A1ED800146FB4 /* Build configuration list for PBXNativeTarget "FlukyTests" */ = {
			isa = XCConfigurationList;
			buildConfigurations = (
				277477F6189A1ED800146FB4 /* Debug */,
				277477F7189A1ED800146FB4 /* Release */,
			);
			defaultConfigurationIsVisible = 0;
			defaultConfigurationName = Release;
		};
/* End XCConfigurationList section */

/* Begin XCVersionGroup section */
		277477D7189A1ED800146FB4 /* Random_User_Generator.xcdatamodeld */ = {
			isa = XCVersionGroup;
			children = (
				277477D8189A1ED800146FB4 /* Random_User_Generator.xcdatamodel */,
			);
			currentVersion = 277477D8189A1ED800146FB4 /* Random_User_Generator.xcdatamodel */;
			path = Random_User_Generator.xcdatamodeld;
			sourceTree = "<group>";
			versionGroupType = wrapper.xcdatamodel;
		};
/* End XCVersionGroup section */
	};
	rootObject = 277477B8189A1ED800146FB4 /* Project object */;
}
